// !$*UTF8*$!
{
	archiveVersion = 1;
	classes = {
	};
	objectVersion = 55;
	objects = {

/* Begin PBXBuildFile section */
		5D9974AA296FE2E100E9B1DB /* MyTestAppApp.swift in Sources */ = {isa = PBXBuildFile; fileRef = 5D9974A9296FE2E100E9B1DB /* MyTestAppApp.swift */; };
		5D9974AC296FE2E100E9B1DB /* ContentView.swift in Sources */ = {isa = PBXBuildFile; fileRef = 5D9974AB296FE2E100E9B1DB /* ContentView.swift */; };
		5D9974AE296FE2E200E9B1DB /* Assets.xcassets in Resources */ = {isa = PBXBuildFile; fileRef = 5D9974AD296FE2E200E9B1DB /* Assets.xcassets */; };
		5D9974B1296FE2E200E9B1DB /* Preview Assets.xcassets in Resources */ = {isa = PBXBuildFile; fileRef = 5D9974B0296FE2E200E9B1DB /* Preview Assets.xcassets */; };
		5D9974BB296FE2E200E9B1DB /* MyTestAppTests.swift in Sources */ = {isa = PBXBuildFile; fileRef = 5D9974BA296FE2E200E9B1DB /* MyTestAppTests.swift */; };
		5D9974C5296FE2E200E9B1DB /* MyTestAppUITests.swift in Sources */ = {isa = PBXBuildFile; fileRef = 5D9974C4296FE2E200E9B1DB /* MyTestAppUITests.swift */; };
		5D9974C7296FE2E200E9B1DB /* MyTestAppUITestsLaunchTests.swift in Sources */ = {isa = PBXBuildFile; fileRef = 5D9974C6296FE2E200E9B1DB /* MyTestAppUITestsLaunchTests.swift */; };
/* End PBXBuildFile section */

/* Begin PBXContainerItemProxy section */
		5D9974B7296FE2E200E9B1DB /* PBXContainerItemProxy */ = {
			isa = PBXContainerItemProxy;
			containerPortal = 5D99749E296FE2E100E9B1DB /* Project object */;
			proxyType = 1;
			remoteGlobalIDString = 5D9974A5296FE2E100E9B1DB;
			remoteInfo = MyTestApp;
		};
		5D9974C1296FE2E200E9B1DB /* PBXContainerItemProxy */ = {
			isa = PBXContainerItemProxy;
			containerPortal = 5D99749E296FE2E100E9B1DB /* Project object */;
			proxyType = 1;
			remoteGlobalIDString = 5D9974A5296FE2E100E9B1DB;
			remoteInfo = MyTestApp;
		};
/* End PBXContainerItemProxy section */

/* Begin PBXFileReference section */
		5D9974A6296FE2E100E9B1DB /* MyTestApp.app */ = {isa = PBXFileReference; explicitFileType = wrapper.application; includeInIndex = 0; path = MyTestApp.app; sourceTree = BUILT_PRODUCTS_DIR; };
		5D9974A9296FE2E100E9B1DB /* MyTestAppApp.swift */ = {isa = PBXFileReference; lastKnownFileType = sourcecode.swift; path = MyTestAppApp.swift; sourceTree = "<group>"; };
		5D9974AB296FE2E100E9B1DB /* ContentView.swift */ = {isa = PBXFileReference; lastKnownFileType = sourcecode.swift; path = ContentView.swift; sourceTree = "<group>"; };
		5D9974AD296FE2E200E9B1DB /* Assets.xcassets */ = {isa = PBXFileReference; lastKnownFileType = folder.assetcatalog; path = Assets.xcassets; sourceTree = "<group>"; };
		5D9974B0296FE2E200E9B1DB /* Preview Assets.xcassets */ = {isa = PBXFileReference; lastKnownFileType = folder.assetcatalog; path = "Preview Assets.xcassets"; sourceTree = "<group>"; };
		5D9974B6296FE2E200E9B1DB /* MyTestAppTests.xctest */ = {isa = PBXFileReference; explicitFileType = wrapper.cfbundle; includeInIndex = 0; path = MyTestAppTests.xctest; sourceTree = BUILT_PRODUCTS_DIR; };
		5D9974BA296FE2E200E9B1DB /* MyTestAppTests.swift */ = {isa = PBXFileReference; lastKnownFileType = sourcecode.swift; path = MyTestAppTests.swift; sourceTree = "<group>"; };
		5D9974C0296FE2E200E9B1DB /* MyTestAppUITests.xctest */ = {isa = PBXFileReference; explicitFileType = wrapper.cfbundle; includeInIndex = 0; path = MyTestAppUITests.xctest; sourceTree = BUILT_PRODUCTS_DIR; };
		5D9974C4296FE2E200E9B1DB /* MyTestAppUITests.swift */ = {isa = PBXFileReference; lastKnownFileType = sourcecode.swift; path = MyTestAppUITests.swift; sourceTree = "<group>"; };
		5D9974C6296FE2E200E9B1DB /* MyTestAppUITestsLaunchTests.swift */ = {isa = PBXFileReference; lastKnownFileType = sourcecode.swift; path = MyTestAppUITestsLaunchTests.swift; sourceTree = "<group>"; };
/* End PBXFileReference section */

/* Begin PBXFrameworksBuildPhase section */
		5D9974A3296FE2E100E9B1DB /* Frameworks */ = {
			isa = PBXFrameworksBuildPhase;
			buildActionMask = 2147483647;
			files = (
			);
			runOnlyForDeploymentPostprocessing = 0;
		};
		5D9974B3296FE2E200E9B1DB /* Frameworks */ = {
			isa = PBXFrameworksBuildPhase;
			buildActionMask = 2147483647;
			files = (
			);
			runOnlyForDeploymentPostprocessing = 0;
		};
		5D9974BD296FE2E200E9B1DB /* Frameworks */ = {
			isa = PBXFrameworksBuildPhase;
			buildActionMask = 2147483647;
			files = (
			);
			runOnlyForDeploymentPostprocessing = 0;
		};
/* End PBXFrameworksBuildPhase section */

/* Begin PBXGroup section */
		5D99749D296FE2E100E9B1DB = {
			isa = PBXGroup;
			children = (
				5D9974A8296FE2E100E9B1DB /* MyTestApp */,
				5D9974B9296FE2E200E9B1DB /* MyTestAppTests */,
				5D9974C3296FE2E200E9B1DB /* MyTestAppUITests */,
				5D9974A7296FE2E100E9B1DB /* Products */,
			);
			sourceTree = "<group>";
		};
		5D9974A7296FE2E100E9B1DB /* Products */ = {
			isa = PBXGroup;
			children = (
				5D9974A6296FE2E100E9B1DB /* MyTestApp.app */,
				5D9974B6296FE2E200E9B1DB /* MyTestAppTests.xctest */,
				5D9974C0296FE2E200E9B1DB /* MyTestAppUITests.xctest */,
			);
			name = Products;
			sourceTree = "<group>";
		};
		5D9974A8296FE2E100E9B1DB /* MyTestApp */ = {
			isa = PBXGroup;
			children = (
				5D9974A9296FE2E100E9B1DB /* MyTestAppApp.swift */,
				5D9974AB296FE2E100E9B1DB /* ContentView.swift */,
				5D9974AD296FE2E200E9B1DB /* Assets.xcassets */,
				5D9974AF296FE2E200E9B1DB /* Preview Content */,
			);
			path = MyTestApp;
			sourceTree = "<group>";
		};
		5D9974AF296FE2E200E9B1DB /* Preview Content */ = {
			isa = PBXGroup;
			children = (
				5D9974B0296FE2E200E9B1DB /* Preview Assets.xcassets */,
			);
			path = "Preview Content";
			sourceTree = "<group>";
		};
		5D9974B9296FE2E200E9B1DB /* MyTestAppTests */ = {
			isa = PBXGroup;
			children = (
				5D9974BA296FE2E200E9B1DB /* MyTestAppTests.swift */,
			);
			path = MyTestAppTests;
			sourceTree = "<group>";
		};
		5D9974C3296FE2E200E9B1DB /* MyTestAppUITests */ = {
			isa = PBXGroup;
			children = (
				5D9974C4296FE2E200E9B1DB /* MyTestAppUITests.swift */,
				5D9974C6296FE2E200E9B1DB /* MyTestAppUITestsLaunchTests.swift */,
			);
			path = MyTestAppUITests;
			sourceTree = "<group>";
		};
/* End PBXGroup section */

/* Begin PBXNativeTarget section */
		5D9974A5296FE2E100E9B1DB /* MyTestApp */ = {
			isa = PBXNativeTarget;
			buildConfigurationList = 5D9974CA296FE2E200E9B1DB /* Build configuration list for PBXNativeTarget "MyTestApp" */;
			buildPhases = (
				5D9974A2296FE2E100E9B1DB /* Sources */,
				5D9974A3296FE2E100E9B1DB /* Frameworks */,
				5D9974A4296FE2E100E9B1DB /* Resources */,
			);
			buildRules = (
			);
			dependencies = (
			);
			name = MyTestApp;
			productName = MyTestApp;
			productReference = 5D9974A6296FE2E100E9B1DB /* MyTestApp.app */;
			productType = "com.apple.product-type.application";
		};
		5D9974B5296FE2E200E9B1DB /* MyTestAppTests */ = {
			isa = PBXNativeTarget;
			buildConfigurationList = 5D9974CD296FE2E200E9B1DB /* Build configuration list for PBXNativeTarget "MyTestAppTests" */;
			buildPhases = (
				5D9974B2296FE2E200E9B1DB /* Sources */,
				5D9974B3296FE2E200E9B1DB /* Frameworks */,
				5D9974B4296FE2E200E9B1DB /* Resources */,
			);
			buildRules = (
			);
			dependencies = (
				5D9974B8296FE2E200E9B1DB /* PBXTargetDependency */,
			);
			name = MyTestAppTests;
			productName = MyTestAppTests;
			productReference = 5D9974B6296FE2E200E9B1DB /* MyTestAppTests.xctest */;
			productType = "com.apple.product-type.bundle.unit-test";
		};
		5D9974BF296FE2E200E9B1DB /* MyTestAppUITests */ = {
			isa = PBXNativeTarget;
			buildConfigurationList = 5D9974D0296FE2E200E9B1DB /* Build configuration list for PBXNativeTarget "MyTestAppUITests" */;
			buildPhases = (
				5D9974BC296FE2E200E9B1DB /* Sources */,
				5D9974BD296FE2E200E9B1DB /* Frameworks */,
				5D9974BE296FE2E200E9B1DB /* Resources */,
			);
			buildRules = (
			);
			dependencies = (
				5D9974C2296FE2E200E9B1DB /* PBXTargetDependency */,
			);
			name = MyTestAppUITests;
			productName = MyTestAppUITests;
			productReference = 5D9974C0296FE2E200E9B1DB /* MyTestAppUITests.xctest */;
			productType = "com.apple.product-type.bundle.ui-testing";
		};
/* End PBXNativeTarget section */

/* Begin PBXProject section */
		5D99749E296FE2E100E9B1DB /* Project object */ = {
			isa = PBXProject;
			attributes = {
				BuildIndependentTargetsInParallel = 1;
				LastSwiftUpdateCheck = 1320;
				LastUpgradeCheck = 1320;
				TargetAttributes = {
					5D9974A5296FE2E100E9B1DB = {
						CreatedOnToolsVersion = 13.2.1;
					};
					5D9974B5296FE2E200E9B1DB = {
						CreatedOnToolsVersion = 13.2.1;
						TestTargetID = 5D9974A5296FE2E100E9B1DB;
					};
					5D9974BF296FE2E200E9B1DB = {
						CreatedOnToolsVersion = 13.2.1;
						TestTargetID = 5D9974A5296FE2E100E9B1DB;
					};
				};
			};
			buildConfigurationList = 5D9974A1296FE2E100E9B1DB /* Build configuration list for PBXProject "MyTestApp" */;
			compatibilityVersion = "Xcode 13.0";
			developmentRegion = en;
			hasScannedForEncodings = 0;
			knownRegions = (
				en,
				Base,
			);
			mainGroup = 5D99749D296FE2E100E9B1DB;
			productRefGroup = 5D9974A7296FE2E100E9B1DB /* Products */;
			projectDirPath = "";
			projectRoot = "";
			targets = (
				5D9974A5296FE2E100E9B1DB /* MyTestApp */,
				5D9974B5296FE2E200E9B1DB /* MyTestAppTests */,
				5D9974BF296FE2E200E9B1DB /* MyTestAppUITests */,
			);
		};
/* End PBXProject section */

/* Begin PBXResourcesBuildPhase section */
		5D9974A4296FE2E100E9B1DB /* Resources */ = {
			isa = PBXResourcesBuildPhase;
			buildActionMask = 2147483647;
			files = (
				5D9974B1296FE2E200E9B1DB /* Preview Assets.xcassets in Resources */,
				5D9974AE296FE2E200E9B1DB /* Assets.xcassets in Resources */,
			);
			runOnlyForDeploymentPostprocessing = 0;
		};
		5D9974B4296FE2E200E9B1DB /* Resources */ = {
			isa = PBXResourcesBuildPhase;
			buildActionMask = 2147483647;
			files = (
			);
			runOnlyForDeploymentPostprocessing = 0;
		};
		5D9974BE296FE2E200E9B1DB /* Resources */ = {
			isa = PBXResourcesBuildPhase;
			buildActionMask = 2147483647;
			files = (
			);
			runOnlyForDeploymentPostprocessing = 0;
		};
/* End PBXResourcesBuildPhase section */

/* Begin PBXSourcesBuildPhase section */
		5D9974A2296FE2E100E9B1DB /* Sources */ = {
			isa = PBXSourcesBuildPhase;
			buildActionMask = 2147483647;
			files = (
				5D9974AC296FE2E100E9B1DB /* ContentView.swift in Sources */,
				5D9974AA296FE2E100E9B1DB /* MyTestAppApp.swift in Sources */,
			);
			runOnlyForDeploymentPostprocessing = 0;
		};
		5D9974B2296FE2E200E9B1DB /* Sources */ = {
			isa = PBXSourcesBuildPhase;
			buildActionMask = 2147483647;
			files = (
				5D9974BB296FE2E200E9B1DB /* MyTestAppTests.swift in Sources */,
			);
			runOnlyForDeploymentPostprocessing = 0;
		};
		5D9974BC296FE2E200E9B1DB /* Sources */ = {
			isa = PBXSourcesBuildPhase;
			buildActionMask = 2147483647;
			files = (
				5D9974C7296FE2E200E9B1DB /* MyTestAppUITestsLaunchTests.swift in Sources */,
				5D9974C5296FE2E200E9B1DB /* MyTestAppUITests.swift in Sources */,
			);
			runOnlyForDeploymentPostprocessing = 0;
		};
/* End PBXSourcesBuildPhase section */

/* Begin PBXTargetDependency section */
		5D9974B8296FE2E200E9B1DB /* PBXTargetDependency */ = {
			isa = PBXTargetDependency;
			target = 5D9974A5296FE2E100E9B1DB /* MyTestApp */;
			targetProxy = 5D9974B7296FE2E200E9B1DB /* PBXContainerItemProxy */;
		};
		5D9974C2296FE2E200E9B1DB /* PBXTargetDependency */ = {
			isa = PBXTargetDependency;
			target = 5D9974A5296FE2E100E9B1DB /* MyTestApp */;
			targetProxy = 5D9974C1296FE2E200E9B1DB /* PBXContainerItemProxy */;
		};
/* End PBXTargetDependency section */

/* Begin XCBuildConfiguration section */
		5D9974C8296FE2E200E9B1DB /* Debug */ = {
			isa = XCBuildConfiguration;
			buildSettings = {
				ALWAYS_SEARCH_USER_PATHS = NO;
				CLANG_ANALYZER_NONNULL = YES;
				CLANG_ANALYZER_NUMBER_OBJECT_CONVERSION = YES_AGGRESSIVE;
				CLANG_CXX_LANGUAGE_STANDARD = "gnu++17";
				CLANG_CXX_LIBRARY = "libc++";
				CLANG_ENABLE_MODULES = YES;
				CLANG_ENABLE_OBJC_ARC = YES;
				CLANG_ENABLE_OBJC_WEAK = YES;
				CLANG_WARN_BLOCK_CAPTURE_AUTORELEASING = YES;
				CLANG_WARN_BOOL_CONVERSION = YES;
				CLANG_WARN_COMMA = YES;
				CLANG_WARN_CONSTANT_CONVERSION = YES;
				CLANG_WARN_DEPRECATED_OBJC_IMPLEMENTATIONS = YES;
				CLANG_WARN_DIRECT_OBJC_ISA_USAGE = YES_ERROR;
				CLANG_WARN_DOCUMENTATION_COMMENTS = YES;
				CLANG_WARN_EMPTY_BODY = YES;
				CLANG_WARN_ENUM_CONVERSION = YES;
				CLANG_WARN_INFINITE_RECURSION = YES;
				CLANG_WARN_INT_CONVERSION = YES;
				CLANG_WARN_NON_LITERAL_NULL_CONVERSION = YES;
				CLANG_WARN_OBJC_IMPLICIT_RETAIN_SELF = YES;
				CLANG_WARN_OBJC_LITERAL_CONVERSION = YES;
				CLANG_WARN_OBJC_ROOT_CLASS = YES_ERROR;
				CLANG_WARN_QUOTED_INCLUDE_IN_FRAMEWORK_HEADER = YES;
				CLANG_WARN_RANGE_LOOP_ANALYSIS = YES;
				CLANG_WARN_STRICT_PROTOTYPES = YES;
				CLANG_WARN_SUSPICIOUS_MOVE = YES;
				CLANG_WARN_UNGUARDED_AVAILABILITY = YES_AGGRESSIVE;
				CLANG_WARN_UNREACHABLE_CODE = YES;
				CLANG_WARN__DUPLICATE_METHOD_MATCH = YES;
				COPY_PHASE_STRIP = NO;
				DEBUG_INFORMATION_FORMAT = dwarf;
				ENABLE_STRICT_OBJC_MSGSEND = YES;
				ENABLE_TESTABILITY = YES;
				GCC_C_LANGUAGE_STANDARD = gnu11;
				GCC_DYNAMIC_NO_PIC = NO;
				GCC_NO_COMMON_BLOCKS = YES;
				GCC_OPTIMIZATION_LEVEL = 0;
				GCC_PREPROCESSOR_DEFINITIONS = (
					"DEBUG=1",
					"$(inherited)",
				);
				GCC_WARN_64_TO_32_BIT_CONVERSION = YES;
				GCC_WARN_ABOUT_RETURN_TYPE = YES_ERROR;
				GCC_WARN_UNDECLARED_SELECTOR = YES;
				GCC_WARN_UNINITIALIZED_AUTOS = YES_AGGRESSIVE;
				GCC_WARN_UNUSED_FUNCTION = YES;
				GCC_WARN_UNUSED_VARIABLE = YES;
				IPHONEOS_DEPLOYMENT_TARGET = 15.2;
				MTL_ENABLE_DEBUG_INFO = INCLUDE_SOURCE;
				MTL_FAST_MATH = YES;
				ONLY_ACTIVE_ARCH = YES;
				SDKROOT = iphoneos;
				SWIFT_ACTIVE_COMPILATION_CONDITIONS = DEBUG;
				SWIFT_OPTIMIZATION_LEVEL = "-Onone";
			};
			name = Debug;
		};
		5D9974C9296FE2E200E9B1DB /* Release */ = {
			isa = XCBuildConfiguration;
			buildSettings = {
				ALWAYS_SEARCH_USER_PATHS = NO;
				CLANG_ANALYZER_NONNULL = YES;
				CLANG_ANALYZER_NUMBER_OBJECT_CONVERSION = YES_AGGRESSIVE;
				CLANG_CXX_LANGUAGE_STANDARD = "gnu++17";
				CLANG_CXX_LIBRARY = "libc++";
				CLANG_ENABLE_MODULES = YES;
				CLANG_ENABLE_OBJC_ARC = YES;
				CLANG_ENABLE_OBJC_WEAK = YES;
				CLANG_WARN_BLOCK_CAPTURE_AUTORELEASING = YES;
				CLANG_WARN_BOOL_CONVERSION = YES;
				CLANG_WARN_COMMA = YES;
				CLANG_WARN_CONSTANT_CONVERSION = YES;
				CLANG_WARN_DEPRECATED_OBJC_IMPLEMENTATIONS = YES;
				CLANG_WARN_DIRECT_OBJC_ISA_USAGE = YES_ERROR;
				CLANG_WARN_DOCUMENTATION_COMMENTS = YES;
				CLANG_WARN_EMPTY_BODY = YES;
				CLANG_WARN_ENUM_CONVERSION = YES;
				CLANG_WARN_INFINITE_RECURSION = YES;
				CLANG_WARN_INT_CONVERSION = YES;
				CLANG_WARN_NON_LITERAL_NULL_CONVERSION = YES;
				CLANG_WARN_OBJC_IMPLICIT_RETAIN_SELF = YES;
				CLANG_WARN_OBJC_LITERAL_CONVERSION = YES;
				CLANG_WARN_OBJC_ROOT_CLASS = YES_ERROR;
				CLANG_WARN_QUOTED_INCLUDE_IN_FRAMEWORK_HEADER = YES;
				CLANG_WARN_RANGE_LOOP_ANALYSIS = YES;
				CLANG_WARN_STRICT_PROTOTYPES = YES;
				CLANG_WARN_SUSPICIOUS_MOVE = YES;
				CLANG_WARN_UNGUARDED_AVAILABILITY = YES_AGGRESSIVE;
				CLANG_WARN_UNREACHABLE_CODE = YES;
				CLANG_WARN__DUPLICATE_METHOD_MATCH = YES;
				COPY_PHASE_STRIP = NO;
				DEBUG_INFORMATION_FORMAT = "dwarf-with-dsym";
				ENABLE_NS_ASSERTIONS = NO;
				ENABLE_STRICT_OBJC_MSGSEND = YES;
				GCC_C_LANGUAGE_STANDARD = gnu11;
				GCC_NO_COMMON_BLOCKS = YES;
				GCC_WARN_64_TO_32_BIT_CONVERSION = YES;
				GCC_WARN_ABOUT_RETURN_TYPE = YES_ERROR;
				GCC_WARN_UNDECLARED_SELECTOR = YES;
				GCC_WARN_UNINITIALIZED_AUTOS = YES_AGGRESSIVE;
				GCC_WARN_UNUSED_FUNCTION = YES;
				GCC_WARN_UNUSED_VARIABLE = YES;
				IPHONEOS_DEPLOYMENT_TARGET = 15.2;
				MTL_ENABLE_DEBUG_INFO = NO;
				MTL_FAST_MATH = YES;
				SDKROOT = iphoneos;
				SWIFT_COMPILATION_MODE = wholemodule;
				SWIFT_OPTIMIZATION_LEVEL = "-O";
				VALIDATE_PRODUCT = YES;
			};
			name = Release;
		};
		5D9974CB296FE2E200E9B1DB /* Debug */ = {
			isa = XCBuildConfiguration;
			buildSettings = {
				ASSETCATALOG_COMPILER_APPICON_NAME = AppIcon;
				ASSETCATALOG_COMPILER_GLOBAL_ACCENT_COLOR_NAME = AccentColor;
				CODE_SIGN_STYLE = Automatic;
				CURRENT_PROJECT_VERSION = 1;
				DEVELOPMENT_ASSET_PATHS = "\"MyTestApp/Preview Content\"";
				DEVELOPMENT_TEAM = 95VPFQB453;
				ENABLE_PREVIEWS = YES;
				GENERATE_INFOPLIST_FILE = YES;
				INFOPLIST_KEY_UIApplicationSceneManifest_Generation = YES;
				INFOPLIST_KEY_UIApplicationSupportsIndirectInputEvents = YES;
				INFOPLIST_KEY_UILaunchScreen_Generation = YES;
				INFOPLIST_KEY_UISupportedInterfaceOrientations_iPad = "UIInterfaceOrientationPortrait UIInterfaceOrientationPortraitUpsideDown UIInterfaceOrientationLandscapeLeft UIInterfaceOrientationLandscapeRight";
				INFOPLIST_KEY_UISupportedInterfaceOrientations_iPhone = "UIInterfaceOrientationPortrait UIInterfaceOrientationLandscapeLeft UIInterfaceOrientationLandscapeRight";
				LD_RUNPATH_SEARCH_PATHS = (
					"$(inherited)",
					"@executable_path/Frameworks",
				);
				MARKETING_VERSION = 1.0;
				PRODUCT_BUNDLE_IDENTIFIER = com..MyTestApp;
				PRODUCT_NAME = "$(TARGET_NAME)";
				SWIFT_EMIT_LOC_STRINGS = YES;
				SWIFT_VERSION = 5.0;
				TARGETED_DEVICE_FAMILY = "1,2";
			};
			name = Debug;
		};
		5D9974CC296FE2E200E9B1DB /* Release */ = {
			isa = XCBuildConfiguration;
			buildSettings = {
				ASSETCATALOG_COMPILER_APPICON_NAME = AppIcon;
				ASSETCATALOG_COMPILER_GLOBAL_ACCENT_COLOR_NAME = AccentColor;
				CODE_SIGN_STYLE = Automatic;
				CURRENT_PROJECT_VERSION = 1;
				DEVELOPMENT_ASSET_PATHS = "\"MyTestApp/Preview Content\"";
				DEVELOPMENT_TEAM = 95VPFQB453;
				ENABLE_PREVIEWS = YES;
				GENERATE_INFOPLIST_FILE = YES;
				INFOPLIST_KEY_UIApplicationSceneManifest_Generation = YES;
				INFOPLIST_KEY_UIApplicationSupportsIndirectInputEvents = YES;
				INFOPLIST_KEY_UILaunchScreen_Generation = YES;
				INFOPLIST_KEY_UISupportedInterfaceOrientations_iPad = "UIInterfaceOrientationPortrait UIInterfaceOrientationPortraitUpsideDown UIInterfaceOrientationLandscapeLeft UIInterfaceOrientationLandscapeRight";
				INFOPLIST_KEY_UISupportedInterfaceOrientations_iPhone = "UIInterfaceOrientationPortrait UIInterfaceOrientationLandscapeLeft UIInterfaceOrientationLandscapeRight";
				LD_RUNPATH_SEARCH_PATHS = (
					"$(inherited)",
					"@executable_path/Frameworks",
				);
				MARKETING_VERSION = 1.0;
				PRODUCT_BUNDLE_IDENTIFIER = com..MyTestApp;
				PRODUCT_NAME = "$(TARGET_NAME)";
				SWIFT_EMIT_LOC_STRINGS = YES;
				SWIFT_VERSION = 5.0;
				TARGETED_DEVICE_FAMILY = "1,2";
			};
			name = Release;
		};
		5D9974CE296FE2E200E9B1DB /* Debug */ = {
			isa = XCBuildConfiguration;
			buildSettings = {
				ALWAYS_EMBED_SWIFT_STANDARD_LIBRARIES = YES;
				BUNDLE_LOADER = "$(TEST_HOST)";
				CODE_SIGN_STYLE = Automatic;
				CURRENT_PROJECT_VERSION = 1;
				DEVELOPMENT_TEAM = 95VPFQB453;
				GENERATE_INFOPLIST_FILE = YES;
				IPHONEOS_DEPLOYMENT_TARGET = 15.2;
				MARKETING_VERSION = 1.0;
				PRODUCT_BUNDLE_IDENTIFIER = com..MyTestAppTests;
				PRODUCT_NAME = "$(TARGET_NAME)";
				SWIFT_EMIT_LOC_STRINGS = NO;
				SWIFT_VERSION = 5.0;
				TARGETED_DEVICE_FAMILY = "1,2";
				TEST_HOST = "$(BUILT_PRODUCTS_DIR)/MyTestApp.app/MyTestApp";
			};
			name = Debug;
		};
		5D9974CF296FE2E200E9B1DB /* Release */ = {
			isa = XCBuildConfiguration;
			buildSettings = {
				ALWAYS_EMBED_SWIFT_STANDARD_LIBRARIES = YES;
				BUNDLE_LOADER = "$(TEST_HOST)";
				CODE_SIGN_STYLE = Automatic;
				CURRENT_PROJECT_VERSION = 1;
				DEVELOPMENT_TEAM = 95VPFQB453;
				GENERATE_INFOPLIST_FILE = YES;
				IPHONEOS_DEPLOYMENT_TARGET = 15.2;
				MARKETING_VERSION = 1.0;
				PRODUCT_BUNDLE_IDENTIFIER = com..MyTestAppTests;
				PRODUCT_NAME = "$(TARGET_NAME)";
				SWIFT_EMIT_LOC_STRINGS = NO;
				SWIFT_VERSION = 5.0;
				TARGETED_DEVICE_FAMILY = "1,2";
				TEST_HOST = "$(BUILT_PRODUCTS_DIR)/MyTestApp.app/MyTestApp";
			};
			name = Release;
		};
		5D9974D1296FE2E200E9B1DB /* Debug */ = {
			isa = XCBuildConfiguration;
			buildSettings = {
				ALWAYS_EMBED_SWIFT_STANDARD_LIBRARIES = YES;
				CODE_SIGN_STYLE = Automatic;
				CURRENT_PROJECT_VERSION = 1;
				DEVELOPMENT_TEAM = 95VPFQB453;
				GENERATE_INFOPLIST_FILE = YES;
				MARKETING_VERSION = 1.0;
				PRODUCT_BUNDLE_IDENTIFIER = com..MyTestAppUITests;
				PRODUCT_NAME = "$(TARGET_NAME)";
				SWIFT_EMIT_LOC_STRINGS = NO;
				SWIFT_VERSION = 5.0;
				TARGETED_DEVICE_FAMILY = "1,2";
				TEST_TARGET_NAME = MyTestApp;
			};
			name = Debug;
		};
		5D9974D2296FE2E200E9B1DB /* Release */ = {
			isa = XCBuildConfiguration;
			buildSettings = {
				ALWAYS_EMBED_SWIFT_STANDARD_LIBRARIES = YES;
				CODE_SIGN_STYLE = Automatic;
				CURRENT_PROJECT_VERSION = 1;
				DEVELOPMENT_TEAM = 95VPFQB453;
				GENERATE_INFOPLIST_FILE = YES;
				MARKETING_VERSION = 1.0;
				PRODUCT_BUNDLE_IDENTIFIER = com..MyTestAppUITests;
				PRODUCT_NAME = "$(TARGET_NAME)";
				SWIFT_EMIT_LOC_STRINGS = NO;
				SWIFT_VERSION = 5.0;
				TARGETED_DEVICE_FAMILY = "1,2";
				TEST_TARGET_NAME = MyTestApp;
			};
			name = Release;
		};
/* End XCBuildConfiguration section */

/* Begin XCConfigurationList section */
		5D9974A1296FE2E100E9B1DB /* Build configuration list for PBXProject "MyTestApp" */ = {
			isa = XCConfigurationList;
			buildConfigurations = (
				5D9974C8296FE2E200E9B1DB /* Debug */,
				5D9974C9296FE2E200E9B1DB /* Release */,
			);
			defaultConfigurationIsVisible = 0;
			defaultConfigurationName = Release;
		};
		5D9974CA296FE2E200E9B1DB /* Build configuration list for PBXNativeTarget "MyTestApp" */ = {
			isa = XCConfigurationList;
			buildConfigurations = (
				5D9974CB296FE2E200E9B1DB /* Debug */,
				5D9974CC296FE2E200E9B1DB /* Release */,
			);
			defaultConfigurationIsVisible = 0;
			defaultConfigurationName = Release;
		};
		5D9974CD296FE2E200E9B1DB /* Build configuration list for PBXNativeTarget "MyTestAppTests" */ = {
			isa = XCConfigurationList;
			buildConfigurations = (
				5D9974CE296FE2E200E9B1DB /* Debug */,
				5D9974CF296FE2E200E9B1DB /* Release */,
			);
			defaultConfigurationIsVisible = 0;
			defaultConfigurationName = Release;
		};
		5D9974D0296FE2E200E9B1DB /* Build configuration list for PBXNativeTarget "MyTestAppUITests" */ = {
			isa = XCConfigurationList;
			buildConfigurations = (
				5D9974D1296FE2E200E9B1DB /* Debug */,
				5D9974D2296FE2E200E9B1DB /* Release */,
			);
			defaultConfigurationIsVisible = 0;
			defaultConfigurationName = Release;
		};
/* End XCConfigurationList section */
	};
	rootObject = 5D99749E296FE2E100E9B1DB /* Project object */;
}
